
Microsoft Visual Studio Solution File, Format Version 12.00
# Visual Studio 2012
Project("{FAE04EC0-301F-11D3-BF4B-00C04F79EFBC}") = "CustomView.Forms", "CustomView.Forms\CustomView.Forms.csproj", "{CC067D94-8D94-4418-8C20-55876B66D109}"
EndProject
Project("{FAE04EC0-301F-11D3-BF4B-00C04F79EFBC}") = "CustomView.Forms.iOS", "iOS\CustomView.Forms.iOS.csproj", "{38A43F10-B8AB-4862-B1D0-81DC7FB01318}"
EndProject
Project("{FAE04EC0-301F-11D3-BF4B-00C04F79EFBC}") = "CustomView.Forms.Droid", "Droid\CustomView.Forms.Droid.csproj", "{48A12B6A-C9BA-4308-B25C-BEEA635564DA}"
EndProject
Global
	GlobalSection(SolutionConfigurationPlatforms) = preSolution
		Debug|Any CPU = Debug|Any CPU
		Release|Any CPU = Release|Any CPU
		Debug|iPhoneSimulator = Debug|iPhoneSimulator
		Release|iPhone = Release|iPhone
		Release|iPhoneSimulator = Release|iPhoneSimulator
		Debug|iPhone = Debug|iPhone
	EndGlobalSection
	GlobalSection(ProjectConfigurationPlatforms) = postSolution
		{CC067D94-8D94-4418-8C20-55876B66D109}.Debug|Any CPU.ActiveCfg = Debug|Any CPU
		{CC067D94-8D94-4418-8C20-55876B66D109}.Debug|Any CPU.Build.0 = Debug|Any CPU
		{CC067D94-8D94-4418-8C20-55876B66D109}.Release|Any CPU.ActiveCfg = Release|Any CPU
		{CC067D94-8D94-4418-8C20-55876B66D109}.Release|Any CPU.Build.0 = Release|Any CPU
		{CC067D94-8D94-4418-8C20-55876B66D109}.Debug|iPhoneSimulator.ActiveCfg = Debug|Any CPU
		{CC067D94-8D94-4418-8C20-55876B66D109}.Debug|iPhoneSimulator.Build.0 = Debug|Any CPU
		{CC067D94-8D94-4418-8C20-55876B66D109}.Release|iPhone.ActiveCfg = Release|Any CPU
		{CC067D94-8D94-4418-8C20-55876B66D109}.Release|iPhone.Build.0 = Release|Any CPU
		{CC067D94-8D94-4418-8C20-55876B66D109}.Release|iPhoneSimulator.ActiveCfg = Release|Any CPU
		{CC067D94-8D94-4418-8C20-55876B66D109}.Release|iPhoneSimulator.Build.0 = Release|Any CPU
		{CC067D94-8D94-4418-8C20-55876B66D109}.Debug|iPhone.ActiveCfg = Debug|Any CPU
		{CC067D94-8D94-4418-8C20-55876B66D109}.Debug|iPhone.Build.0 = Debug|Any CPU
		{38A43F10-B8AB-4862-B1D0-81DC7FB01318}.Debug|Any CPU.ActiveCfg = Debug|iPhoneSimulator
		{38A43F10-B8AB-4862-B1D0-81DC7FB01318}.Debug|Any CPU.Build.0 = Debug|iPhoneSimulator
		{38A43F10-B8AB-4862-B1D0-81DC7FB01318}.Release|Any CPU.ActiveCfg = Release|iPhone
		{38A43F10-B8AB-4862-B1D0-81DC7FB01318}.Release|Any CPU.Build.0 = Release|iPhone
		{38A43F10-B8AB-4862-B1D0-81DC7FB01318}.Debug|iPhoneSimulator.ActiveCfg = Debug|iPhoneSimulator
		{38A43F10-B8AB-4862-B1D0-81DC7FB01318}.Debug|iPhoneSimulator.Build.0 = Debug|iPhoneSimulator
		{38A43F10-B8AB-4862-B1D0-81DC7FB01318}.Release|iPhone.ActiveCfg = Release|iPhone
		{38A43F10-B8AB-4862-B1D0-81DC7FB01318}.Release|iPhone.Build.0 = Release|iPhone
		{38A43F10-B8AB-4862-B1D0-81DC7FB01318}.Release|iPhoneSimulator.ActiveCfg = Release|iPhoneSimulator
		{38A43F10-B8AB-4862-B1D0-81DC7FB01318}.Release|iPhoneSimulator.Build.0 = Release|iPhoneSimulator
		{38A43F10-B8AB-4862-B1D0-81DC7FB01318}.Debug|iPhone.ActiveCfg = Debug|iPhone
		{38A43F10-B8AB-4862-B1D0-81DC7FB01318}.Debug|iPhone.Build.0 = Debug|iPhone
		{48A12B6A-C9BA-4308-B25C-BEEA635564DA}.Debug|Any CPU.ActiveCfg = Debug|Any CPU
		{48A12B6A-C9BA-4308-B25C-BEEA635564DA}.Debug|Any CPU.Build.0 = Debug|Any CPU
		{48A12B6A-C9BA-4308-B25C-BEEA635564DA}.Release|Any CPU.ActiveCfg = Release|Any CPU
		{48A12B6A-C9BA-4308-B25C-BEEA635564DA}.Release|Any CPU.Build.0 = Release|Any CPU
		{48A12B6A-C9BA-4308-B25C-BEEA635564DA}.Debug|iPhoneSimulator.ActiveCfg = Debug|Any CPU
		{48A12B6A-C9BA-4308-B25C-BEEA635564DA}.Debug|iPhoneSimulator.Build.0 = Debug|Any CPU
		{48A12B6A-C9BA-4308-B25C-BEEA635564DA}.Release|iPhone.ActiveCfg = Release|Any CPU
		{48A12B6A-C9BA-4308-B25C-BEEA635564DA}.Release|iPhone.Build.0 = Release|Any CPU
		{48A12B6A-C9BA-4308-B25C-BEEA635564DA}.Release|iPhoneSimulator.ActiveCfg = Release|Any CPU
		{48A12B6A-C9BA-4308-B25C-BEEA635564DA}.Release|iPhoneSimulator.Build.0 = Release|Any CPU
		{48A12B6A-C9BA-4308-B25C-BEEA635564DA}.Debug|iPhone.ActiveCfg = Debug|Any CPU
		{48A12B6A-C9BA-4308-B25C-BEEA635564DA}.Debug|iPhone.Build.0 = Debug|Any CPU
	EndGlobalSection
EndGlobal
